
Microsoft Visual Studio Solution File, Format Version 12.00
# Visual Studio Version 16
VisualStudioVersion = 16.0.29123.88
MinimumVisualStudioVersion = 10.0.40219.1
Project("{FAE04EC0-301F-11D3-BF4B-00C04F79EFBC}") = "Cwiczenie2", "Cwiczenie2.csproj", "{37BB62F2-5EB6-4FA9-BD36-3E6901C8C3FC}"
EndProject
Global
	GlobalSection(SolutionConfigurationPlatforms) = preSolution
		Debug|Any CPU = Debug|Any CPU
		Release|Any CPU = Release|Any CPU
	EndGlobalSection
	GlobalSection(ProjectConfigurationPlatforms) = postSolution
		{37BB62F2-5EB6-4FA9-BD36-3E6901C8C3FC}.Debug|Any CPU.ActiveCfg = Debug|Any CPU
		{37BB62F2-5EB6-4FA9-BD36-3E6901C8C3FC}.Debug|Any CPU.Build.0 = Debug|Any CPU
		{37BB62F2-5EB6-4FA9-BD36-3E6901C8C3FC}.Release|Any CPU.ActiveCfg = Release|Any CPU
		{37BB62F2-5EB6-4FA9-BD36-3E6901C8C3FC}.Release|Any CPU.Build.0 = Release|Any CPU
	EndGlobalSection
	GlobalSection(SolutionProperties) = preSolution
		HideSolutionNode = FALSE
	EndGlobalSection
	GlobalSection(ExtensibilityGlobals) = postSolution
		SolutionGuid = {A190381A-5ADD-46A7-AA60-454316AFE8C4}
	EndGlobalSection
EndGlobal
